
Microsoft Visual Studio Solution File, Format Version 12.00
# Visual Studio 15
VisualStudioVersion = 15.0.28010.2019
MinimumVisualStudioVersion = 10.0.40219.1
Project("{FAE04EC0-301F-11D3-BF4B-00C04F79EFBC}") = "RunPowershell.Domain", "RunPowershell.Domain\RunPowershell.Domain.csproj", "{1FC976FF-B316-4D48-B980-8E3D0688C1EE}"
EndProject
Project("{FAE04EC0-301F-11D3-BF4B-00C04F79EFBC}") = "RunPowershell.Data", "RunPowershell.Data\RunPowershell.Data.csproj", "{C2C700F1-E6F3-46F9-8574-ACC10A721FD0}"
EndProject
Project("{FAE04EC0-301F-11D3-BF4B-00C04F79EFBC}") = "RunPowershell.Service", "RunPowershell.Service\RunPowershell.Service.csproj", "{21CBC941-F5A0-4B07-892D-79A0CE677858}"
EndProject
Project("{FAE04EC0-301F-11D3-BF4B-00C04F79EFBC}") = "RunPowershell.API", "RunPowershell.API\RunPowershell.API.csproj", "{F19789DA-1464-424C-90F0-1D1BD10D1208}"
EndProject
Global
	GlobalSection(SolutionConfigurationPlatforms) = preSolution
		Debug|Any CPU = Debug|Any CPU
		Release|Any CPU = Release|Any CPU
	EndGlobalSection
	GlobalSection(ProjectConfigurationPlatforms) = postSolution
		{1FC976FF-B316-4D48-B980-8E3D0688C1EE}.Debug|Any CPU.ActiveCfg = Debug|Any CPU
		{1FC976FF-B316-4D48-B980-8E3D0688C1EE}.Debug|Any CPU.Build.0 = Debug|Any CPU
		{1FC976FF-B316-4D48-B980-8E3D0688C1EE}.Release|Any CPU.ActiveCfg = Release|Any CPU
		{1FC976FF-B316-4D48-B980-8E3D0688C1EE}.Release|Any CPU.Build.0 = Release|Any CPU
		{C2C700F1-E6F3-46F9-8574-ACC10A721FD0}.Debug|Any CPU.ActiveCfg = Debug|Any CPU
		{C2C700F1-E6F3-46F9-8574-ACC10A721FD0}.Debug|Any CPU.Build.0 = Debug|Any CPU
		{C2C700F1-E6F3-46F9-8574-ACC10A721FD0}.Release|Any CPU.ActiveCfg = Release|Any CPU
		{C2C700F1-E6F3-46F9-8574-ACC10A721FD0}.Release|Any CPU.Build.0 = Release|Any CPU
		{21CBC941-F5A0-4B07-892D-79A0CE677858}.Debug|Any CPU.ActiveCfg = Debug|Any CPU
		{21CBC941-F5A0-4B07-892D-79A0CE677858}.Debug|Any CPU.Build.0 = Debug|Any CPU
		{21CBC941-F5A0-4B07-892D-79A0CE677858}.Release|Any CPU.ActiveCfg = Release|Any CPU
		{21CBC941-F5A0-4B07-892D-79A0CE677858}.Release|Any CPU.Build.0 = Release|Any CPU
		{F19789DA-1464-424C-90F0-1D1BD10D1208}.Debug|Any CPU.ActiveCfg = Debug|Any CPU
		{F19789DA-1464-424C-90F0-1D1BD10D1208}.Debug|Any CPU.Build.0 = Debug|Any CPU
		{F19789DA-1464-424C-90F0-1D1BD10D1208}.Release|Any CPU.ActiveCfg = Release|Any CPU
		{F19789DA-1464-424C-90F0-1D1BD10D1208}.Release|Any CPU.Build.0 = Release|Any CPU
	EndGlobalSection
	GlobalSection(SolutionProperties) = preSolution
		HideSolutionNode = FALSE
	EndGlobalSection
	GlobalSection(ExtensibilityGlobals) = postSolution
		SolutionGuid = {7A47E2E2-9465-4AA1-A073-320C180BCD88}
	EndGlobalSection
EndGlobal
